# This file is automatically @generated by Cargo.
# It is not intended for manual editing.
version = 4

[[package]]
name = "ved-cli"
version = "0.1.0"
dependencies = [
 "ved-compiler",
 "ved-runtime",
]

[[package]]
name = "ved-compiler"
version = "0.1.0"
dependencies = [
 "ved-ir",
]

[[package]]
name = "ved-ir"
version = "0.1.0"

[[package]]
name = "ved-runtime"
version = "0.1.0"
dependencies = [
 "ved-ir",
]
